
Microsoft Visual Studio Solution File, Format Version 12.00
# Visual Studio Version 16
VisualStudioVersion = 16.0.31205.134
MinimumVisualStudioVersion = 10.0.40219.1
Project("{FAE04EC0-301F-11D3-BF4B-00C04F79EFBC}") = "Locators", "Locators.csproj", "{7B1FCE44-FCDB-4DB4-B31C-1FC2B8C0DFF8}"
EndProject
Global
	GlobalSection(SolutionConfigurationPlatforms) = preSolution
		Debug|Any CPU = Debug|Any CPU
		Release|Any CPU = Release|Any CPU
	EndGlobalSection
	GlobalSection(ProjectConfigurationPlatforms) = postSolution
		{7B1FCE44-FCDB-4DB4-B31C-1FC2B8C0DFF8}.Debug|Any CPU.ActiveCfg = Debug|Any CPU
		{7B1FCE44-FCDB-4DB4-B31C-1FC2B8C0DFF8}.Debug|Any CPU.Build.0 = Debug|Any CPU
		{7B1FCE44-FCDB-4DB4-B31C-1FC2B8C0DFF8}.Release|Any CPU.ActiveCfg = Release|Any CPU
		{7B1FCE44-FCDB-4DB4-B31C-1FC2B8C0DFF8}.Release|Any CPU.Build.0 = Release|Any CPU
	EndGlobalSection
	GlobalSection(SolutionProperties) = preSolution
		HideSolutionNode = FALSE
	EndGlobalSection
	GlobalSection(ExtensibilityGlobals) = postSolution
		SolutionGuid = {E3040365-F6B9-43E6-943C-99DAAFD7C12E}
	EndGlobalSection
EndGlobal
